
Microsoft Visual Studio Solution File, Format Version 12.00
# Visual Studio Version 16
VisualStudioVersion = 16.0.30413.136
MinimumVisualStudioVersion = 10.0.40219.1
Project("{9A19103F-16F7-4668-BE54-9A1E7A4F7556}") = "ManagedSimConnect", "ManagedSimConnect\ManagedSimConnect.csproj", "{0705BB33-CED3-452E-BBC4-4510DFD8C9C5}"
EndProject
Project("{9A19103F-16F7-4668-BE54-9A1E7A4F7556}") = "SimConnectServerApp", "SimConnectServerApp\SimConnectServerApp.csproj", "{024807B7-A182-4A27-94E4-B6D23B6FAEEE}"
EndProject
Project("{2150E333-8FDC-42A3-9474-1A3956D46DE8}") = "MSFS2020Companion", "MSFS2020Companion", "{DD81FD98-F898-4ABA-9979-840F4B280BF0}"
EndProject
Project("{FAE04EC0-301F-11D3-BF4B-00C04F79EFBC}") = "MSFS2020Companion.UWP", "MSFS2020Companion\MSFS2020Companion.UWP\MSFS2020Companion.UWP.csproj", "{8281DEFA-6F7A-492D-AF1E-B4D3C3FF0AE9}"
EndProject
Project("{FAE04EC0-301F-11D3-BF4B-00C04F79EFBC}") = "MSFS2020Companion.Android", "MSFS2020Companion\MSFS2020Companion.Android\MSFS2020Companion.Android.csproj", "{60BEB43F-A36D-4EBE-AA38-B46250BAA618}"
EndProject
Project("{FAE04EC0-301F-11D3-BF4B-00C04F79EFBC}") = "MSFS2020Companion.iOS", "MSFS2020Companion\MSFS2020Companion.iOS\MSFS2020Companion.iOS.csproj", "{DB32416F-2FE0-4FF8-AF0F-F76061885B82}"
EndProject
Project("{FAE04EC0-301F-11D3-BF4B-00C04F79EFBC}") = "MSFS2020Companion", "MSFS2020Companion\MSFS2020Companion\MSFS2020Companion.csproj", "{18889242-75CE-4814-9D84-4BB5A680FD46}"
EndProject
Project("{2150E333-8FDC-42A3-9474-1A3956D46DE8}") = "FlightUtilities", "FlightUtilities", "{C941E638-0CDD-4162-A891-519508FAE59F}"
EndProject
Project("{FAE04EC0-301F-11D3-BF4B-00C04F79EFBC}") = "FlightUtilities", "FlightUtilities\FlightUtilities\FlightUtilities.csproj", "{176FE6D5-C3F3-4C46-972D-F01F862A6FE1}"
EndProject
Project("{FAE04EC0-301F-11D3-BF4B-00C04F79EFBC}") = "FlightUtilities.Tests", "FlightUtilities\FlightUtilities.Tests\FlightUtilities.Tests.csproj", "{08EAB2FC-8357-432A-A9DF-D62ABD04D57D}"
EndProject
Global
	GlobalSection(SolutionConfigurationPlatforms) = preSolution
		Debug|Any CPU = Debug|Any CPU
		Debug|ARM = Debug|ARM
		Debug|iPhone = Debug|iPhone
		Debug|iPhoneSimulator = Debug|iPhoneSimulator
		Debug|x64 = Debug|x64
		Debug|x86 = Debug|x86
		Release|Any CPU = Release|Any CPU
		Release|ARM = Release|ARM
		Release|iPhone = Release|iPhone
		Release|iPhoneSimulator = Release|iPhoneSimulator
		Release|x64 = Release|x64
		Release|x86 = Release|x86
	EndGlobalSection
	GlobalSection(ProjectConfigurationPlatforms) = postSolution
		{0705BB33-CED3-452E-BBC4-4510DFD8C9C5}.Debug|Any CPU.ActiveCfg = Debug|Any CPU
		{0705BB33-CED3-452E-BBC4-4510DFD8C9C5}.Debug|Any CPU.Build.0 = Debug|Any CPU
		{0705BB33-CED3-452E-BBC4-4510DFD8C9C5}.Debug|ARM.ActiveCfg = Debug|Any CPU
		{0705BB33-CED3-452E-BBC4-4510DFD8C9C5}.Debug|ARM.Build.0 = Debug|Any CPU
		{0705BB33-CED3-452E-BBC4-4510DFD8C9C5}.Debug|iPhone.ActiveCfg = Debug|Any CPU
		{0705BB33-CED3-452E-BBC4-4510DFD8C9C5}.Debug|iPhone.Build.0 = Debug|Any CPU
		{0705BB33-CED3-452E-BBC4-4510DFD8C9C5}.Debug|iPhoneSimulator.ActiveCfg = Debug|Any CPU
		{0705BB33-CED3-452E-BBC4-4510DFD8C9C5}.Debug|iPhoneSimulator.Build.0 = Debug|Any CPU
		{0705BB33-CED3-452E-BBC4-4510DFD8C9C5}.Debug|x64.ActiveCfg = Debug|Any CPU
		{0705BB33-CED3-452E-BBC4-4510DFD8C9C5}.Debug|x64.Build.0 = Debug|Any CPU
		{0705BB33-CED3-452E-BBC4-4510DFD8C9C5}.Debug|x86.ActiveCfg = Debug|Any CPU
		{0705BB33-CED3-452E-BBC4-4510DFD8C9C5}.Debug|x86.Build.0 = Debug|Any CPU
		{0705BB33-CED3-452E-BBC4-4510DFD8C9C5}.Release|Any CPU.ActiveCfg = Release|Any CPU
		{0705BB33-CED3-452E-BBC4-4510DFD8C9C5}.Release|Any CPU.Build.0 = Release|Any CPU
		{0705BB33-CED3-452E-BBC4-4510DFD8C9C5}.Release|ARM.ActiveCfg = Release|Any CPU
		{0705BB33-CED3-452E-BBC4-4510DFD8C9C5}.Release|ARM.Build.0 = Release|Any CPU
		{0705BB33-CED3-452E-BBC4-4510DFD8C9C5}.Release|iPhone.ActiveCfg = Release|Any CPU
		{0705BB33-CED3-452E-BBC4-4510DFD8C9C5}.Release|iPhone.Build.0 = Release|Any CPU
		{0705BB33-CED3-452E-BBC4-4510DFD8C9C5}.Release|iPhoneSimulator.ActiveCfg = Release|Any CPU
		{0705BB33-CED3-452E-BBC4-4510DFD8C9C5}.Release|iPhoneSimulator.Build.0 = Release|Any CPU
		{0705BB33-CED3-452E-BBC4-4510DFD8C9C5}.Release|x64.ActiveCfg = Release|Any CPU
		{0705BB33-CED3-452E-BBC4-4510DFD8C9C5}.Release|x64.Build.0 = Release|Any CPU
		{0705BB33-CED3-452E-BBC4-4510DFD8C9C5}.Release|x86.ActiveCfg = Release|Any CPU
		{0705BB33-CED3-452E-BBC4-4510DFD8C9C5}.Release|x86.Build.0 = Release|Any CPU
		{024807B7-A182-4A27-94E4-B6D23B6FAEEE}.Debug|Any CPU.ActiveCfg = Debug|Any CPU
		{024807B7-A182-4A27-94E4-B6D23B6FAEEE}.Debug|Any CPU.Build.0 = Debug|Any CPU
		{024807B7-A182-4A27-94E4-B6D23B6FAEEE}.Debug|ARM.ActiveCfg = Debug|Any CPU
		{024807B7-A182-4A27-94E4-B6D23B6FAEEE}.Debug|ARM.Build.0 = Debug|Any CPU
		{024807B7-A182-4A27-94E4-B6D23B6FAEEE}.Debug|iPhone.ActiveCfg = Debug|Any CPU
		{024807B7-A182-4A27-94E4-B6D23B6FAEEE}.Debug|iPhone.Build.0 = Debug|Any CPU
		{024807B7-A182-4A27-94E4-B6D23B6FAEEE}.Debug|iPhoneSimulator.ActiveCfg = Debug|Any CPU
		{024807B7-A182-4A27-94E4-B6D23B6FAEEE}.Debug|iPhoneSimulator.Build.0 = Debug|Any CPU
		{024807B7-A182-4A27-94E4-B6D23B6FAEEE}.Debug|x64.ActiveCfg = Debug|Any CPU
		{024807B7-A182-4A27-94E4-B6D23B6FAEEE}.Debug|x64.Build.0 = Debug|Any CPU
		{024807B7-A182-4A27-94E4-B6D23B6FAEEE}.Debug|x86.ActiveCfg = Debug|Any CPU
		{024807B7-A182-4A27-94E4-B6D23B6FAEEE}.Debug|x86.Build.0 = Debug|Any CPU
		{024807B7-A182-4A27-94E4-B6D23B6FAEEE}.Release|Any CPU.ActiveCfg = Release|Any CPU
		{024807B7-A182-4A27-94E4-B6D23B6FAEEE}.Release|Any CPU.Build.0 = Release|Any CPU
		{024807B7-A182-4A27-94E4-B6D23B6FAEEE}.Release|ARM.ActiveCfg = Release|Any CPU
		{024807B7-A182-4A27-94E4-B6D23B6FAEEE}.Release|ARM.Build.0 = Release|Any CPU
		{024807B7-A182-4A27-94E4-B6D23B6FAEEE}.Release|iPhone.ActiveCfg = Release|Any CPU
		{024807B7-A182-4A27-94E4-B6D23B6FAEEE}.Release|iPhone.Build.0 = Release|Any CPU
		{024807B7-A182-4A27-94E4-B6D23B6FAEEE}.Release|iPhoneSimulator.ActiveCfg = Release|Any CPU
		{024807B7-A182-4A27-94E4-B6D23B6FAEEE}.Release|iPhoneSimulator.Build.0 = Release|Any CPU
		{024807B7-A182-4A27-94E4-B6D23B6FAEEE}.Release|x64.ActiveCfg = Release|Any CPU
		{024807B7-A182-4A27-94E4-B6D23B6FAEEE}.Release|x64.Build.0 = Release|Any CPU
		{024807B7-A182-4A27-94E4-B6D23B6FAEEE}.Release|x86.ActiveCfg = Release|Any CPU
		{024807B7-A182-4A27-94E4-B6D23B6FAEEE}.Release|x86.Build.0 = Release|Any CPU
		{8281DEFA-6F7A-492D-AF1E-B4D3C3FF0AE9}.Debug|Any CPU.ActiveCfg = Debug|x86
		{8281DEFA-6F7A-492D-AF1E-B4D3C3FF0AE9}.Debug|ARM.ActiveCfg = Debug|ARM
		{8281DEFA-6F7A-492D-AF1E-B4D3C3FF0AE9}.Debug|ARM.Build.0 = Debug|ARM
		{8281DEFA-6F7A-492D-AF1E-B4D3C3FF0AE9}.Debug|ARM.Deploy.0 = Debug|ARM
		{8281DEFA-6F7A-492D-AF1E-B4D3C3FF0AE9}.Debug|iPhone.ActiveCfg = Debug|x86
		{8281DEFA-6F7A-492D-AF1E-B4D3C3FF0AE9}.Debug|iPhoneSimulator.ActiveCfg = Debug|x86
		{8281DEFA-6F7A-492D-AF1E-B4D3C3FF0AE9}.Debug|x64.ActiveCfg = Debug|x64
		{8281DEFA-6F7A-492D-AF1E-B4D3C3FF0AE9}.Debug|x64.Build.0 = Debug|x64
		{8281DEFA-6F7A-492D-AF1E-B4D3C3FF0AE9}.Debug|x64.Deploy.0 = Debug|x64
		{8281DEFA-6F7A-492D-AF1E-B4D3C3FF0AE9}.Debug|x86.ActiveCfg = Debug|x86
		{8281DEFA-6F7A-492D-AF1E-B4D3C3FF0AE9}.Debug|x86.Build.0 = Debug|x86
		{8281DEFA-6F7A-492D-AF1E-B4D3C3FF0AE9}.Debug|x86.Deploy.0 = Debug|x86
		{8281DEFA-6F7A-492D-AF1E-B4D3C3FF0AE9}.Release|Any CPU.ActiveCfg = Release|x86
		{8281DEFA-6F7A-492D-AF1E-B4D3C3FF0AE9}.Release|ARM.ActiveCfg = Release|ARM
		{8281DEFA-6F7A-492D-AF1E-B4D3C3FF0AE9}.Release|ARM.Build.0 = Release|ARM
		{8281DEFA-6F7A-492D-AF1E-B4D3C3FF0AE9}.Release|ARM.Deploy.0 = Release|ARM
		{8281DEFA-6F7A-492D-AF1E-B4D3C3FF0AE9}.Release|iPhone.ActiveCfg = Release|x86
		{8281DEFA-6F7A-492D-AF1E-B4D3C3FF0AE9}.Release|iPhoneSimulator.ActiveCfg = Release|x86
		{8281DEFA-6F7A-492D-AF1E-B4D3C3FF0AE9}.Release|x64.ActiveCfg = Release|x64
		{8281DEFA-6F7A-492D-AF1E-B4D3C3FF0AE9}.Release|x64.Build.0 = Release|x64
		{8281DEFA-6F7A-492D-AF1E-B4D3C3FF0AE9}.Release|x64.Deploy.0 = Release|x64
		{8281DEFA-6F7A-492D-AF1E-B4D3C3FF0AE9}.Release|x86.ActiveCfg = Release|x86
		{8281DEFA-6F7A-492D-AF1E-B4D3C3FF0AE9}.Release|x86.Build.0 = Release|x86
		{8281DEFA-6F7A-492D-AF1E-B4D3C3FF0AE9}.Release|x86.Deploy.0 = Release|x86
		{60BEB43F-A36D-4EBE-AA38-B46250BAA618}.Debug|Any CPU.ActiveCfg = Debug|Any CPU
		{60BEB43F-A36D-4EBE-AA38-B46250BAA618}.Debug|Any CPU.Build.0 = Debug|Any CPU
		{60BEB43F-A36D-4EBE-AA38-B46250BAA618}.Debug|Any CPU.Deploy.0 = Debug|Any CPU
		{60BEB43F-A36D-4EBE-AA38-B46250BAA618}.Debug|ARM.ActiveCfg = Debug|Any CPU
		{60BEB43F-A36D-4EBE-AA38-B46250BAA618}.Debug|ARM.Build.0 = Debug|Any CPU
		{60BEB43F-A36D-4EBE-AA38-B46250BAA618}.Debug|ARM.Deploy.0 = Debug|Any CPU
		{60BEB43F-A36D-4EBE-AA38-B46250BAA618}.Debug|iPhone.ActiveCfg = Debug|Any CPU
		{60BEB43F-A36D-4EBE-AA38-B46250BAA618}.Debug|iPhone.Build.0 = Debug|Any CPU
		{60BEB43F-A36D-4EBE-AA38-B46250BAA618}.Debug|iPhone.Deploy.0 = Debug|Any CPU
		{60BEB43F-A36D-4EBE-AA38-B46250BAA618}.Debug|iPhoneSimulator.ActiveCfg = Debug|Any CPU
		{60BEB43F-A36D-4EBE-AA38-B46250BAA618}.Debug|iPhoneSimulator.Build.0 = Debug|Any CPU
		{60BEB43F-A36D-4EBE-AA38-B46250BAA618}.Debug|iPhoneSimulator.Deploy.0 = Debug|Any CPU
		{60BEB43F-A36D-4EBE-AA38-B46250BAA618}.Debug|x64.ActiveCfg = Debug|Any CPU
		{60BEB43F-A36D-4EBE-AA38-B46250BAA618}.Debug|x64.Build.0 = Debug|Any CPU
		{60BEB43F-A36D-4EBE-AA38-B46250BAA618}.Debug|x64.Deploy.0 = Debug|Any CPU
		{60BEB43F-A36D-4EBE-AA38-B46250BAA618}.Debug|x86.ActiveCfg = Debug|Any CPU
		{60BEB43F-A36D-4EBE-AA38-B46250BAA618}.Debug|x86.Build.0 = Debug|Any CPU
		{60BEB43F-A36D-4EBE-AA38-B46250BAA618}.Debug|x86.Deploy.0 = Debug|Any CPU
		{60BEB43F-A36D-4EBE-AA38-B46250BAA618}.Release|Any CPU.ActiveCfg = Release|Any CPU
		{60BEB43F-A36D-4EBE-AA38-B46250BAA618}.Release|Any CPU.Build.0 = Release|Any CPU
		{60BEB43F-A36D-4EBE-AA38-B46250BAA618}.Release|Any CPU.Deploy.0 = Release|Any CPU
		{60BEB43F-A36D-4EBE-AA38-B46250BAA618}.Release|ARM.ActiveCfg = Release|Any CPU
		{60BEB43F-A36D-4EBE-AA38-B46250BAA618}.Release|ARM.Build.0 = Release|Any CPU
		{60BEB43F-A36D-4EBE-AA38-B46250BAA618}.Release|ARM.Deploy.0 = Release|Any CPU
		{60BEB43F-A36D-4EBE-AA38-B46250BAA618}.Release|iPhone.ActiveCfg = Release|Any CPU
		{60BEB43F-A36D-4EBE-AA38-B46250BAA618}.Release|iPhone.Build.0 = Release|Any CPU
		{60BEB43F-A36D-4EBE-AA38-B46250BAA618}.Release|iPhone.Deploy.0 = Release|Any CPU
		{60BEB43F-A36D-4EBE-AA38-B46250BAA618}.Release|iPhoneSimulator.ActiveCfg = Release|Any CPU
		{60BEB43F-A36D-4EBE-AA38-B46250BAA618}.Release|iPhoneSimulator.Build.0 = Release|Any CPU
		{60BEB43F-A36D-4EBE-AA38-B46250BAA618}.Release|iPhoneSimulator.Deploy.0 = Release|Any CPU
		{60BEB43F-A36D-4EBE-AA38-B46250BAA618}.Release|x64.ActiveCfg = Release|Any CPU
		{60BEB43F-A36D-4EBE-AA38-B46250BAA618}.Release|x64.Build.0 = Release|Any CPU
		{60BEB43F-A36D-4EBE-AA38-B46250BAA618}.Release|x64.Deploy.0 = Release|Any CPU
		{60BEB43F-A36D-4EBE-AA38-B46250BAA618}.Release|x86.ActiveCfg = Release|Any CPU
		{60BEB43F-A36D-4EBE-AA38-B46250BAA618}.Release|x86.Build.0 = Release|Any CPU
		{60BEB43F-A36D-4EBE-AA38-B46250BAA618}.Release|x86.Deploy.0 = Release|Any CPU
		{DB32416F-2FE0-4FF8-AF0F-F76061885B82}.Debug|Any CPU.ActiveCfg = Debug|iPhone
		{DB32416F-2FE0-4FF8-AF0F-F76061885B82}.Debug|ARM.ActiveCfg = Debug|iPhone
		{DB32416F-2FE0-4FF8-AF0F-F76061885B82}.Debug|iPhone.ActiveCfg = Debug|iPhone
		{DB32416F-2FE0-4FF8-AF0F-F76061885B82}.Debug|iPhone.Build.0 = Debug|iPhone
		{DB32416F-2FE0-4FF8-AF0F-F76061885B82}.Debug|iPhoneSimulator.ActiveCfg = Debug|iPhoneSimulator
		{DB32416F-2FE0-4FF8-AF0F-F76061885B82}.Debug|iPhoneSimulator.Build.0 = Debug|iPhoneSimulator
		{DB32416F-2FE0-4FF8-AF0F-F76061885B82}.Debug|x64.ActiveCfg = Debug|iPhone
		{DB32416F-2FE0-4FF8-AF0F-F76061885B82}.Debug|x86.ActiveCfg = Debug|iPhone
		{DB32416F-2FE0-4FF8-AF0F-F76061885B82}.Release|Any CPU.ActiveCfg = Release|iPhone
		{DB32416F-2FE0-4FF8-AF0F-F76061885B82}.Release|ARM.ActiveCfg = Release|iPhone
		{DB32416F-2FE0-4FF8-AF0F-F76061885B82}.Release|iPhone.ActiveCfg = Release|iPhone
		{DB32416F-2FE0-4FF8-AF0F-F76061885B82}.Release|iPhone.Build.0 = Release|iPhone
		{DB32416F-2FE0-4FF8-AF0F-F76061885B82}.Release|iPhoneSimulator.ActiveCfg = Release|iPhoneSimulator
		{DB32416F-2FE0-4FF8-AF0F-F76061885B82}.Release|iPhoneSimulator.Build.0 = Release|iPhoneSimulator
		{DB32416F-2FE0-4FF8-AF0F-F76061885B82}.Release|x64.ActiveCfg = Release|iPhone
		{DB32416F-2FE0-4FF8-AF0F-F76061885B82}.Release|x86.ActiveCfg = Release|iPhone
		{18889242-75CE-4814-9D84-4BB5A680FD46}.Debug|Any CPU.ActiveCfg = Debug|Any CPU
		{18889242-75CE-4814-9D84-4BB5A680FD46}.Debug|Any CPU.Build.0 = Debug|Any CPU
		{18889242-75CE-4814-9D84-4BB5A680FD46}.Debug|ARM.ActiveCfg = Debug|Any CPU
		{18889242-75CE-4814-9D84-4BB5A680FD46}.Debug|ARM.Build.0 = Debug|Any CPU
		{18889242-75CE-4814-9D84-4BB5A680FD46}.Debug|iPhone.ActiveCfg = Debug|Any CPU
		{18889242-75CE-4814-9D84-4BB5A680FD46}.Debug|iPhone.Build.0 = Debug|Any CPU
		{18889242-75CE-4814-9D84-4BB5A680FD46}.Debug|iPhoneSimulator.ActiveCfg = Debug|Any CPU
		{18889242-75CE-4814-9D84-4BB5A680FD46}.Debug|iPhoneSimulator.Build.0 = Debug|Any CPU
		{18889242-75CE-4814-9D84-4BB5A680FD46}.Debug|x64.ActiveCfg = Debug|Any CPU
		{18889242-75CE-4814-9D84-4BB5A680FD46}.Debug|x64.Build.0 = Debug|Any CPU
		{18889242-75CE-4814-9D84-4BB5A680FD46}.Debug|x86.ActiveCfg = Debug|Any CPU
		{18889242-75CE-4814-9D84-4BB5A680FD46}.Debug|x86.Build.0 = Debug|Any CPU
		{18889242-75CE-4814-9D84-4BB5A680FD46}.Release|Any CPU.ActiveCfg = Release|Any CPU
		{18889242-75CE-4814-9D84-4BB5A680FD46}.Release|Any CPU.Build.0 = Release|Any CPU
		{18889242-75CE-4814-9D84-4BB5A680FD46}.Release|ARM.ActiveCfg = Release|Any CPU
		{18889242-75CE-4814-9D84-4BB5A680FD46}.Release|ARM.Build.0 = Release|Any CPU
		{18889242-75CE-4814-9D84-4BB5A680FD46}.Release|iPhone.ActiveCfg = Release|Any CPU
		{18889242-75CE-4814-9D84-4BB5A680FD46}.Release|iPhone.Build.0 = Release|Any CPU
		{18889242-75CE-4814-9D84-4BB5A680FD46}.Release|iPhoneSimulator.ActiveCfg = Release|Any CPU
		{18889242-75CE-4814-9D84-4BB5A680FD46}.Release|iPhoneSimulator.Build.0 = Release|Any CPU
		{18889242-75CE-4814-9D84-4BB5A680FD46}.Release|x64.ActiveCfg = Release|Any CPU
		{18889242-75CE-4814-9D84-4BB5A680FD46}.Release|x64.Build.0 = Release|Any CPU
		{18889242-75CE-4814-9D84-4BB5A680FD46}.Release|x86.ActiveCfg = Release|Any CPU
		{18889242-75CE-4814-9D84-4BB5A680FD46}.Release|x86.Build.0 = Release|Any CPU
		{176FE6D5-C3F3-4C46-972D-F01F862A6FE1}.Debug|Any CPU.ActiveCfg = Debug|Any CPU
		{176FE6D5-C3F3-4C46-972D-F01F862A6FE1}.Debug|Any CPU.Build.0 = Debug|Any CPU
		{176FE6D5-C3F3-4C46-972D-F01F862A6FE1}.Debug|ARM.ActiveCfg = Debug|Any CPU
		{176FE6D5-C3F3-4C46-972D-F01F862A6FE1}.Debug|ARM.Build.0 = Debug|Any CPU
		{176FE6D5-C3F3-4C46-972D-F01F862A6FE1}.Debug|iPhone.ActiveCfg = Debug|Any CPU
		{176FE6D5-C3F3-4C46-972D-F01F862A6FE1}.Debug|iPhone.Build.0 = Debug|Any CPU
		{176FE6D5-C3F3-4C46-972D-F01F862A6FE1}.Debug|iPhoneSimulator.ActiveCfg = Debug|Any CPU
		{176FE6D5-C3F3-4C46-972D-F01F862A6FE1}.Debug|iPhoneSimulator.Build.0 = Debug|Any CPU
		{176FE6D5-C3F3-4C46-972D-F01F862A6FE1}.Debug|x64.ActiveCfg = Debug|Any CPU
		{176FE6D5-C3F3-4C46-972D-F01F862A6FE1}.Debug|x64.Build.0 = Debug|Any CPU
		{176FE6D5-C3F3-4C46-972D-F01F862A6FE1}.Debug|x86.ActiveCfg = Debug|Any CPU
		{176FE6D5-C3F3-4C46-972D-F01F862A6FE1}.Debug|x86.Build.0 = Debug|Any CPU
		{176FE6D5-C3F3-4C46-972D-F01F862A6FE1}.Release|Any CPU.ActiveCfg = Release|Any CPU
		{176FE6D5-C3F3-4C46-972D-F01F862A6FE1}.Release|Any CPU.Build.0 = Release|Any CPU
		{176FE6D5-C3F3-4C46-972D-F01F862A6FE1}.Release|ARM.ActiveCfg = Release|Any CPU
		{176FE6D5-C3F3-4C46-972D-F01F862A6FE1}.Release|ARM.Build.0 = Release|Any CPU
		{176FE6D5-C3F3-4C46-972D-F01F862A6FE1}.Release|iPhone.ActiveCfg = Release|Any CPU
		{176FE6D5-C3F3-4C46-972D-F01F862A6FE1}.Release|iPhone.Build.0 = Release|Any CPU
		{176FE6D5-C3F3-4C46-972D-F01F862A6FE1}.Release|iPhoneSimulator.ActiveCfg = Release|Any CPU
		{176FE6D5-C3F3-4C46-972D-F01F862A6FE1}.Release|iPhoneSimulator.Build.0 = Release|Any CPU
		{176FE6D5-C3F3-4C46-972D-F01F862A6FE1}.Release|x64.ActiveCfg = Release|Any CPU
		{176FE6D5-C3F3-4C46-972D-F01F862A6FE1}.Release|x64.Build.0 = Release|Any CPU
		{176FE6D5-C3F3-4C46-972D-F01F862A6FE1}.Release|x86.ActiveCfg = Release|Any CPU
		{176FE6D5-C3F3-4C46-972D-F01F862A6FE1}.Release|x86.Build.0 = Release|Any CPU
		{08EAB2FC-8357-432A-A9DF-D62ABD04D57D}.Debug|Any CPU.ActiveCfg = Debug|Any CPU
		{08EAB2FC-8357-432A-A9DF-D62ABD04D57D}.Debug|Any CPU.Build.0 = Debug|Any CPU
		{08EAB2FC-8357-432A-A9DF-D62ABD04D57D}.Debug|ARM.ActiveCfg = Debug|Any CPU
		{08EAB2FC-8357-432A-A9DF-D62ABD04D57D}.Debug|ARM.Build.0 = Debug|Any CPU
		{08EAB2FC-8357-432A-A9DF-D62ABD04D57D}.Debug|iPhone.ActiveCfg = Debug|Any CPU
		{08EAB2FC-8357-432A-A9DF-D62ABD04D57D}.Debug|iPhone.Build.0 = Debug|Any CPU
		{08EAB2FC-8357-432A-A9DF-D62ABD04D57D}.Debug|iPhoneSimulator.ActiveCfg = Debug|Any CPU
		{08EAB2FC-8357-432A-A9DF-D62ABD04D57D}.Debug|iPhoneSimulator.Build.0 = Debug|Any CPU
		{08EAB2FC-8357-432A-A9DF-D62ABD04D57D}.Debug|x64.ActiveCfg = Debug|Any CPU
		{08EAB2FC-8357-432A-A9DF-D62ABD04D57D}.Debug|x64.Build.0 = Debug|Any CPU
		{08EAB2FC-8357-432A-A9DF-D62ABD04D57D}.Debug|x86.ActiveCfg = Debug|Any CPU
		{08EAB2FC-8357-432A-A9DF-D62ABD04D57D}.Debug|x86.Build.0 = Debug|Any CPU
		{08EAB2FC-8357-432A-A9DF-D62ABD04D57D}.Release|Any CPU.ActiveCfg = Release|Any CPU
		{08EAB2FC-8357-432A-A9DF-D62ABD04D57D}.Release|Any CPU.Build.0 = Release|Any CPU
		{08EAB2FC-8357-432A-A9DF-D62ABD04D57D}.Release|ARM.ActiveCfg = Release|Any CPU
		{08EAB2FC-8357-432A-A9DF-D62ABD04D57D}.Release|ARM.Build.0 = Release|Any CPU
		{08EAB2FC-8357-432A-A9DF-D62ABD04D57D}.Release|iPhone.ActiveCfg = Release|Any CPU
		{08EAB2FC-8357-432A-A9DF-D62ABD04D57D}.Release|iPhone.Build.0 = Release|Any CPU
		{08EAB2FC-8357-432A-A9DF-D62ABD04D57D}.Release|iPhoneSimulator.ActiveCfg = Release|Any CPU
		{08EAB2FC-8357-432A-A9DF-D62ABD04D57D}.Release|iPhoneSimulator.Build.0 = Release|Any CPU
		{08EAB2FC-8357-432A-A9DF-D62ABD04D57D}.Release|x64.ActiveCfg = Release|Any CPU
		{08EAB2FC-8357-432A-A9DF-D62ABD04D57D}.Release|x64.Build.0 = Release|Any CPU
		{08EAB2FC-8357-432A-A9DF-D62ABD04D57D}.Release|x86.ActiveCfg = Release|Any CPU
		{08EAB2FC-8357-432A-A9DF-D62ABD04D57D}.Release|x86.Build.0 = Release|Any CPU
	EndGlobalSection
	GlobalSection(SolutionProperties) = preSolution
		HideSolutionNode = FALSE
	EndGlobalSection
	GlobalSection(NestedProjects) = preSolution
		{8281DEFA-6F7A-492D-AF1E-B4D3C3FF0AE9} = {DD81FD98-F898-4ABA-9979-840F4B280BF0}
		{60BEB43F-A36D-4EBE-AA38-B46250BAA618} = {DD81FD98-F898-4ABA-9979-840F4B280BF0}
		{DB32416F-2FE0-4FF8-AF0F-F76061885B82} = {DD81FD98-F898-4ABA-9979-840F4B280BF0}
		{18889242-75CE-4814-9D84-4BB5A680FD46} = {DD81FD98-F898-4ABA-9979-840F4B280BF0}
		{176FE6D5-C3F3-4C46-972D-F01F862A6FE1} = {C941E638-0CDD-4162-A891-519508FAE59F}
		{08EAB2FC-8357-432A-A9DF-D62ABD04D57D} = {C941E638-0CDD-4162-A891-519508FAE59F}
	EndGlobalSection
	GlobalSection(ExtensibilityGlobals) = postSolution
		SolutionGuid = {83255E26-5C7E-43A5-9715-0A211C66A10C}
	EndGlobalSection
EndGlobal
